
Microsoft Visual Studio Solution File, Format Version 12.00
# Visual Studio Version 17
VisualStudioVersion = 17.14.36408.4
MinimumVisualStudioVersion = 10.0.40219.1
Project("{2150E333-8FDC-42A3-9474-1A3956D46DE8}") = "HTTP", "HTTP", "{02EA681E-C7D8-13C7-8484-4AC65E1B71E8}"
EndProject
Project("{FAE04EC0-301F-11D3-BF4B-00C04F79EFBC}") = "Service", "Service\Service.csproj", "{7252F1FC-12EF-4D49-98ED-07E8F972F410}"
EndProject
Project("{FAE04EC0-301F-11D3-BF4B-00C04F79EFBC}") = "Service2", "Service2\Service2.csproj", "{4D545F03-BFC6-4B4F-AB8C-27F28F7501EF}"
EndProject
Project("{2150E333-8FDC-42A3-9474-1A3956D46DE8}") = "gRPC", "gRPC", "{2FCE6CAA-C61C-40C3-97F4-482D63FD2863}"
EndProject
Project("{FAE04EC0-301F-11D3-BF4B-00C04F79EFBC}") = "Service3", "Service3\Service3.csproj", "{5B4749DA-7E30-49D5-9088-DDD688C08260}"
EndProject
Project("{FAE04EC0-301F-11D3-BF4B-00C04F79EFBC}") = "Service4", "Service4\Service4.csproj", "{CF28CBF9-76F9-4F60-BC26-B1C3D7A49F94}"
EndProject
Project("{2150E333-8FDC-42A3-9474-1A3956D46DE8}") = "MessageBroker", "MessageBroker", "{103EF026-B526-4FAD-BB41-990B89D8BB2A}"
EndProject
Project("{FAE04EC0-301F-11D3-BF4B-00C04F79EFBC}") = "Service5", "Service5\Service5.csproj", "{11E5B36E-33E9-4243-80F5-8DF165AAB439}"
EndProject
Project("{FAE04EC0-301F-11D3-BF4B-00C04F79EFBC}") = "Service6", "Service6\Service6.csproj", "{8E795ACB-9DC8-4A2E-8C16-44E8534FA14F}"
EndProject
Global
	GlobalSection(SolutionConfigurationPlatforms) = preSolution
		Debug|Any CPU = Debug|Any CPU
		Release|Any CPU = Release|Any CPU
	EndGlobalSection
	GlobalSection(ProjectConfigurationPlatforms) = postSolution
		{7252F1FC-12EF-4D49-98ED-07E8F972F410}.Debug|Any CPU.ActiveCfg = Debug|Any CPU
		{7252F1FC-12EF-4D49-98ED-07E8F972F410}.Debug|Any CPU.Build.0 = Debug|Any CPU
		{7252F1FC-12EF-4D49-98ED-07E8F972F410}.Release|Any CPU.ActiveCfg = Release|Any CPU
		{7252F1FC-12EF-4D49-98ED-07E8F972F410}.Release|Any CPU.Build.0 = Release|Any CPU
		{4D545F03-BFC6-4B4F-AB8C-27F28F7501EF}.Debug|Any CPU.ActiveCfg = Debug|Any CPU
		{4D545F03-BFC6-4B4F-AB8C-27F28F7501EF}.Debug|Any CPU.Build.0 = Debug|Any CPU
		{4D545F03-BFC6-4B4F-AB8C-27F28F7501EF}.Release|Any CPU.ActiveCfg = Release|Any CPU
		{4D545F03-BFC6-4B4F-AB8C-27F28F7501EF}.Release|Any CPU.Build.0 = Release|Any CPU
		{5B4749DA-7E30-49D5-9088-DDD688C08260}.Debug|Any CPU.ActiveCfg = Debug|Any CPU
		{5B4749DA-7E30-49D5-9088-DDD688C08260}.Debug|Any CPU.Build.0 = Debug|Any CPU
		{5B4749DA-7E30-49D5-9088-DDD688C08260}.Release|Any CPU.ActiveCfg = Release|Any CPU
		{5B4749DA-7E30-49D5-9088-DDD688C08260}.Release|Any CPU.Build.0 = Release|Any CPU
		{CF28CBF9-76F9-4F60-BC26-B1C3D7A49F94}.Debug|Any CPU.ActiveCfg = Debug|Any CPU
		{CF28CBF9-76F9-4F60-BC26-B1C3D7A49F94}.Debug|Any CPU.Build.0 = Debug|Any CPU
		{CF28CBF9-76F9-4F60-BC26-B1C3D7A49F94}.Release|Any CPU.ActiveCfg = Release|Any CPU
		{CF28CBF9-76F9-4F60-BC26-B1C3D7A49F94}.Release|Any CPU.Build.0 = Release|Any CPU
		{11E5B36E-33E9-4243-80F5-8DF165AAB439}.Debug|Any CPU.ActiveCfg = Debug|Any CPU
		{11E5B36E-33E9-4243-80F5-8DF165AAB439}.Debug|Any CPU.Build.0 = Debug|Any CPU
		{11E5B36E-33E9-4243-80F5-8DF165AAB439}.Release|Any CPU.ActiveCfg = Release|Any CPU
		{11E5B36E-33E9-4243-80F5-8DF165AAB439}.Release|Any CPU.Build.0 = Release|Any CPU
		{8E795ACB-9DC8-4A2E-8C16-44E8534FA14F}.Debug|Any CPU.ActiveCfg = Debug|Any CPU
		{8E795ACB-9DC8-4A2E-8C16-44E8534FA14F}.Debug|Any CPU.Build.0 = Debug|Any CPU
		{8E795ACB-9DC8-4A2E-8C16-44E8534FA14F}.Release|Any CPU.ActiveCfg = Release|Any CPU
		{8E795ACB-9DC8-4A2E-8C16-44E8534FA14F}.Release|Any CPU.Build.0 = Release|Any CPU
	EndGlobalSection
	GlobalSection(SolutionProperties) = preSolution
		HideSolutionNode = FALSE
	EndGlobalSection
	GlobalSection(NestedProjects) = preSolution
		{7252F1FC-12EF-4D49-98ED-07E8F972F410} = {02EA681E-C7D8-13C7-8484-4AC65E1B71E8}
		{4D545F03-BFC6-4B4F-AB8C-27F28F7501EF} = {02EA681E-C7D8-13C7-8484-4AC65E1B71E8}
		{5B4749DA-7E30-49D5-9088-DDD688C08260} = {2FCE6CAA-C61C-40C3-97F4-482D63FD2863}
		{CF28CBF9-76F9-4F60-BC26-B1C3D7A49F94} = {2FCE6CAA-C61C-40C3-97F4-482D63FD2863}
		{11E5B36E-33E9-4243-80F5-8DF165AAB439} = {103EF026-B526-4FAD-BB41-990B89D8BB2A}
		{8E795ACB-9DC8-4A2E-8C16-44E8534FA14F} = {103EF026-B526-4FAD-BB41-990B89D8BB2A}
	EndGlobalSection
	GlobalSection(ExtensibilityGlobals) = postSolution
		SolutionGuid = {6D5295F6-E9E9-4A4B-919C-3FFADB81ABD3}
	EndGlobalSection
EndGlobal
